// !$*UTF8*$!
{
	archiveVersion = 1;
	classes = {
	};
	objectVersion = 46;
	objects = {

/* Begin PBXBuildFile section */
		292AD48B6F7897FB46849D47 /* libPods.a in Frameworks */ = {isa = PBXBuildFile; fileRef = 6D10CB880B2F6DBE12E33734 /* libPods.a */; };
		C007E0831BF12D050053021F /* MenuViewController.swift in Sources */ = {isa = PBXBuildFile; fileRef = C007E0821BF12D050053021F /* MenuViewController.swift */; };
		C073EDEE1BB207DD00DE44A7 /* AppDelegate.swift in Sources */ = {isa = PBXBuildFile; fileRef = C073EDED1BB207DD00DE44A7 /* AppDelegate.swift */; };
		C073EDF01BB207DD00DE44A7 /* ViewController.swift in Sources */ = {isa = PBXBuildFile; fileRef = C073EDEF1BB207DD00DE44A7 /* ViewController.swift */; };
		C073EDF31BB207DD00DE44A7 /* Main.storyboard in Resources */ = {isa = PBXBuildFile; fileRef = C073EDF11BB207DD00DE44A7 /* Main.storyboard */; };
		C073EDF51BB207DD00DE44A7 /* Assets.xcassets in Resources */ = {isa = PBXBuildFile; fileRef = C073EDF41BB207DD00DE44A7 /* Assets.xcassets */; };
		C073EDF81BB207DD00DE44A7 /* LaunchScreen.storyboard in Resources */ = {isa = PBXBuildFile; fileRef = C073EDF61BB207DD00DE44A7 /* LaunchScreen.storyboard */; };
		C073EE041BB20B3500DE44A7 /* SEDraggable.m in Sources */ = {isa = PBXBuildFile; fileRef = C073EE011BB20B3500DE44A7 /* SEDraggable.m */; };
		C073EE051BB20B3500DE44A7 /* SEDraggableLocation.m in Sources */ = {isa = PBXBuildFile; fileRef = C073EE031BB20B3500DE44A7 /* SEDraggableLocation.m */; };
		C073EE111BB219B600DE44A7 /* Utility.swift in Sources */ = {isa = PBXBuildFile; fileRef = C073EE101BB219B600DE44A7 /* Utility.swift */; };
		C0AB53761BD09AAB00DC42A0 /* WelcomeViewController.swift in Sources */ = {isa = PBXBuildFile; fileRef = C0AB53751BD09AAB00DC42A0 /* WelcomeViewController.swift */; };
		C0AB537F1BD09D8400DC42A0 /* EFCircularSlider.m in Sources */ = {isa = PBXBuildFile; fileRef = C0AB537C1BD09D8400DC42A0 /* EFCircularSlider.m */; };
		C0AB53801BD09D8400DC42A0 /* EFCircularTrig.m in Sources */ = {isa = PBXBuildFile; fileRef = C0AB537E1BD09D8400DC42A0 /* EFCircularTrig.m */; };
		C0D4561B1BBB74D100DED0B0 /* RECommonFunctions.m in Sources */ = {isa = PBXBuildFile; fileRef = C0D456161BBB74D100DED0B0 /* RECommonFunctions.m */; };
		C0D4561C1BBB74D100DED0B0 /* RESideMenu.m in Sources */ = {isa = PBXBuildFile; fileRef = C0D456181BBB74D100DED0B0 /* RESideMenu.m */; };
		C0D4561D1BBB74D100DED0B0 /* UIViewController+RESideMenu.m in Sources */ = {isa = PBXBuildFile; fileRef = C0D4561A1BBB74D100DED0B0 /* UIViewController+RESideMenu.m */; };
		C0D456221BBB78B000DED0B0 /* RootViewController.swift in Sources */ = {isa = PBXBuildFile; fileRef = C0D456211BBB78B000DED0B0 /* RootViewController.swift */; };
		C0D456261BBB7BCE00DED0B0 /* LeftViewController.swift in Sources */ = {isa = PBXBuildFile; fileRef = C0D456251BBB7BCE00DED0B0 /* LeftViewController.swift */; };
		C0F52C541BF7843600CC277A /* MoneyAdditionViewController.swift in Sources */ = {isa = PBXBuildFile; fileRef = C0F52C531BF7843600CC277A /* MoneyAdditionViewController.swift */; };
/* End PBXBuildFile section */

/* Begin PBXFileReference section */
		0F42422FD41045656796EF0A /* Pods.release.xcconfig */ = {isa = PBXFileReference; includeInIndex = 1; lastKnownFileType = text.xcconfig; name = Pods.release.xcconfig; path = "Pods/Target Support Files/Pods/Pods.release.xcconfig"; sourceTree = "<group>"; };
		4E750B328760D30294382717 /* Pods.debug.xcconfig */ = {isa = PBXFileReference; includeInIndex = 1; lastKnownFileType = text.xcconfig; name = Pods.debug.xcconfig; path = "Pods/Target Support Files/Pods/Pods.debug.xcconfig"; sourceTree = "<group>"; };
		6D10CB880B2F6DBE12E33734 /* libPods.a */ = {isa = PBXFileReference; explicitFileType = archive.ar; includeInIndex = 0; path = libPods.a; sourceTree = BUILT_PRODUCTS_DIR; };
		C007E0821BF12D050053021F /* MenuViewController.swift */ = {isa = PBXFileReference; fileEncoding = 4; lastKnownFileType = sourcecode.swift; path = MenuViewController.swift; sourceTree = "<group>"; };
		C073EDEA1BB207DD00DE44A7 /* Buyit.app */ = {isa = PBXFileReference; explicitFileType = wrapper.application; includeInIndex = 0; path = Buyit.app; sourceTree = BUILT_PRODUCTS_DIR; };
		C073EDED1BB207DD00DE44A7 /* AppDelegate.swift */ = {isa = PBXFileReference; lastKnownFileType = sourcecode.swift; path = AppDelegate.swift; sourceTree = "<group>"; };
		C073EDEF1BB207DD00DE44A7 /* ViewController.swift */ = {isa = PBXFileReference; lastKnownFileType = sourcecode.swift; path = ViewController.swift; sourceTree = "<group>"; };
		C073EDF21BB207DD00DE44A7 /* Base */ = {isa = PBXFileReference; lastKnownFileType = file.storyboard; name = Base; path = Base.lproj/Main.storyboard; sourceTree = "<group>"; };
		C073EDF41BB207DD00DE44A7 /* Assets.xcassets */ = {isa = PBXFileReference; lastKnownFileType = folder.assetcatalog; path = Assets.xcassets; sourceTree = "<group>"; };
		C073EDF71BB207DD00DE44A7 /* Base */ = {isa = PBXFileReference; lastKnownFileType = file.storyboard; name = Base; path = Base.lproj/LaunchScreen.storyboard; sourceTree = "<group>"; };
		C073EDF91BB207DD00DE44A7 /* Info.plist */ = {isa = PBXFileReference; lastKnownFileType = text.plist.xml; path = Info.plist; sourceTree = "<group>"; };
		C073EDFF1BB20B3400DE44A7 /* Buyit-Bridging-Header.h */ = {isa = PBXFileReference; lastKnownFileType = sourcecode.c.h; path = "Buyit-Bridging-Header.h"; sourceTree = "<group>"; };
		C073EE001BB20B3500DE44A7 /* SEDraggable.h */ = {isa = PBXFileReference; fileEncoding = 4; lastKnownFileType = sourcecode.c.h; path = SEDraggable.h; sourceTree = "<group>"; };
		C073EE011BB20B3500DE44A7 /* SEDraggable.m */ = {isa = PBXFileReference; fileEncoding = 4; lastKnownFileType = sourcecode.c.objc; path = SEDraggable.m; sourceTree = "<group>"; };
		C073EE021BB20B3500DE44A7 /* SEDraggableLocation.h */ = {isa = PBXFileReference; fileEncoding = 4; lastKnownFileType = sourcecode.c.h; path = SEDraggableLocation.h; sourceTree = "<group>"; };
		C073EE031BB20B3500DE44A7 /* SEDraggableLocation.m */ = {isa = PBXFileReference; fileEncoding = 4; lastKnownFileType = sourcecode.c.objc; path = SEDraggableLocation.m; sourceTree = "<group>"; };
		C073EE101BB219B600DE44A7 /* Utility.swift */ = {isa = PBXFileReference; fileEncoding = 4; lastKnownFileType = sourcecode.swift; path = Utility.swift; sourceTree = "<group>"; };
		C0AB53751BD09AAB00DC42A0 /* WelcomeViewController.swift */ = {isa = PBXFileReference; fileEncoding = 4; lastKnownFileType = sourcecode.swift; path = WelcomeViewController.swift; sourceTree = "<group>"; };
		C0AB537B1BD09D8400DC42A0 /* EFCircularSlider.h */ = {isa = PBXFileReference; fileEncoding = 4; lastKnownFileType = sourcecode.c.h; path = EFCircularSlider.h; sourceTree = "<group>"; };
		C0AB537C1BD09D8400DC42A0 /* EFCircularSlider.m */ = {isa = PBXFileReference; fileEncoding = 4; lastKnownFileType = sourcecode.c.objc; path = EFCircularSlider.m; sourceTree = "<group>"; };
		C0AB537D1BD09D8400DC42A0 /* EFCircularTrig.h */ = {isa = PBXFileReference; fileEncoding = 4; lastKnownFileType = sourcecode.c.h; path = EFCircularTrig.h; sourceTree = "<group>"; };
		C0AB537E1BD09D8400DC42A0 /* EFCircularTrig.m */ = {isa = PBXFileReference; fileEncoding = 4; lastKnownFileType = sourcecode.c.objc; path = EFCircularTrig.m; sourceTree = "<group>"; };
		C0D456151BBB74D100DED0B0 /* RECommonFunctions.h */ = {isa = PBXFileReference; fileEncoding = 4; lastKnownFileType = sourcecode.c.h; path = RECommonFunctions.h; sourceTree = "<group>"; };
		C0D456161BBB74D100DED0B0 /* RECommonFunctions.m */ = {isa = PBXFileReference; fileEncoding = 4; lastKnownFileType = sourcecode.c.objc; path = RECommonFunctions.m; sourceTree = "<group>"; };
		C0D456171BBB74D100DED0B0 /* RESideMenu.h */ = {isa = PBXFileReference; fileEncoding = 4; lastKnownFileType = sourcecode.c.h; path = RESideMenu.h; sourceTree = "<group>"; };
		C0D456181BBB74D100DED0B0 /* RESideMenu.m */ = {isa = PBXFileReference; fileEncoding = 4; lastKnownFileType = sourcecode.c.objc; path = RESideMenu.m; sourceTree = "<group>"; };
		C0D456191BBB74D100DED0B0 /* UIViewController+RESideMenu.h */ = {isa = PBXFileReference; fileEncoding = 4; lastKnownFileType = sourcecode.c.h; path = "UIViewController+RESideMenu.h"; sourceTree = "<group>"; };
		C0D4561A1BBB74D100DED0B0 /* UIViewController+RESideMenu.m */ = {isa = PBXFileReference; fileEncoding = 4; lastKnownFileType = sourcecode.c.objc; path = "UIViewController+RESideMenu.m"; sourceTree = "<group>"; };
		C0D456211BBB78B000DED0B0 /* RootViewController.swift */ = {isa = PBXFileReference; fileEncoding = 4; lastKnownFileType = sourcecode.swift; name = RootViewController.swift; path = ../RootViewController.swift; sourceTree = "<group>"; };
		C0D456251BBB7BCE00DED0B0 /* LeftViewController.swift */ = {isa = PBXFileReference; fileEncoding = 4; lastKnownFileType = sourcecode.swift; name = LeftViewController.swift; path = ../LeftViewController.swift; sourceTree = "<group>"; };
		C0F52C531BF7843600CC277A /* MoneyAdditionViewController.swift */ = {isa = PBXFileReference; fileEncoding = 4; lastKnownFileType = sourcecode.swift; path = MoneyAdditionViewController.swift; sourceTree = "<group>"; };
/* End PBXFileReference section */

/* Begin PBXFrameworksBuildPhase section */
		C073EDE71BB207DD00DE44A7 /* Frameworks */ = {
			isa = PBXFrameworksBuildPhase;
			buildActionMask = 2147483647;
			files = (
				292AD48B6F7897FB46849D47 /* libPods.a in Frameworks */,
			);
			runOnlyForDeploymentPostprocessing = 0;
		};
/* End PBXFrameworksBuildPhase section */

/* Begin PBXGroup section */
		345C807BA94A5C41C9A67B5F /* Pods */ = {
			isa = PBXGroup;
			children = (
				4E750B328760D30294382717 /* Pods.debug.xcconfig */,
				0F42422FD41045656796EF0A /* Pods.release.xcconfig */,
			);
			name = Pods;
			sourceTree = "<group>";
		};
		A9BC8734634E376271810E41 /* Frameworks */ = {
			isa = PBXGroup;
			children = (
				6D10CB880B2F6DBE12E33734 /* libPods.a */,
			);
			name = Frameworks;
			sourceTree = "<group>";
		};
		C073EDE11BB207DD00DE44A7 = {
			isa = PBXGroup;
			children = (
				C073EDEC1BB207DD00DE44A7 /* Buyit */,
				C073EDEB1BB207DD00DE44A7 /* Products */,
				345C807BA94A5C41C9A67B5F /* Pods */,
				A9BC8734634E376271810E41 /* Frameworks */,
			);
			sourceTree = "<group>";
		};
		C073EDEB1BB207DD00DE44A7 /* Products */ = {
			isa = PBXGroup;
			children = (
				C073EDEA1BB207DD00DE44A7 /* Buyit.app */,
			);
			name = Products;
			sourceTree = "<group>";
		};
		C073EDEC1BB207DD00DE44A7 /* Buyit */ = {
			isa = PBXGroup;
			children = (
				C073EE061BB20B3A00DE44A7 /* Library */,
				C073EDED1BB207DD00DE44A7 /* AppDelegate.swift */,
				C073EE0F1BB20CA500DE44A7 /* Controller */,
				C073EE0E1BB20C9000DE44A7 /* Supporting_File */,
			);
			path = Buyit;
			sourceTree = "<group>";
		};
		C073EE061BB20B3A00DE44A7 /* Library */ = {
			isa = PBXGroup;
			children = (
				C0AB53811BD09D8800DC42A0 /* EASlider */,
				C0D4561E1BBB74D500DED0B0 /* RESideMenu */,
				C073EE071BB20B4300DE44A7 /* SEDraggable */,
			);
			name = Library;
			sourceTree = "<group>";
		};
		C073EE071BB20B4300DE44A7 /* SEDraggable */ = {
			isa = PBXGroup;
			children = (
				C073EE001BB20B3500DE44A7 /* SEDraggable.h */,
				C073EE011BB20B3500DE44A7 /* SEDraggable.m */,
				C073EE021BB20B3500DE44A7 /* SEDraggableLocation.h */,
				C073EE031BB20B3500DE44A7 /* SEDraggableLocation.m */,
			);
			name = SEDraggable;
			sourceTree = "<group>";
		};
		C073EE0E1BB20C9000DE44A7 /* Supporting_File */ = {
			isa = PBXGroup;
			children = (
				C073EE101BB219B600DE44A7 /* Utility.swift */,
				C073EDF11BB207DD00DE44A7 /* Main.storyboard */,
				C073EDF41BB207DD00DE44A7 /* Assets.xcassets */,
				C073EDF61BB207DD00DE44A7 /* LaunchScreen.storyboard */,
				C073EDF91BB207DD00DE44A7 /* Info.plist */,
				C073EDFF1BB20B3400DE44A7 /* Buyit-Bridging-Header.h */,
			);
			name = Supporting_File;
			sourceTree = "<group>";
		};
		C073EE0F1BB20CA500DE44A7 /* Controller */ = {
			isa = PBXGroup;
			children = (
				C0D456251BBB7BCE00DED0B0 /* LeftViewController.swift */,
				C0D456211BBB78B000DED0B0 /* RootViewController.swift */,
				C073EDEF1BB207DD00DE44A7 /* ViewController.swift */,
				C007E0821BF12D050053021F /* MenuViewController.swift */,
				C0AB53751BD09AAB00DC42A0 /* WelcomeViewController.swift */,
				C0F52C531BF7843600CC277A /* MoneyAdditionViewController.swift */,
			);
			name = Controller;
			sourceTree = "<group>";
		};
		C0AB53811BD09D8800DC42A0 /* EASlider */ = {
			isa = PBXGroup;
			children = (
				C0AB537B1BD09D8400DC42A0 /* EFCircularSlider.h */,
				C0AB537C1BD09D8400DC42A0 /* EFCircularSlider.m */,
				C0AB537D1BD09D8400DC42A0 /* EFCircularTrig.h */,
				C0AB537E1BD09D8400DC42A0 /* EFCircularTrig.m */,
			);
			name = EASlider;
			sourceTree = "<group>";
		};
		C0D4561E1BBB74D500DED0B0 /* RESideMenu */ = {
			isa = PBXGroup;
			children = (
				C0D456151BBB74D100DED0B0 /* RECommonFunctions.h */,
				C0D456161BBB74D100DED0B0 /* RECommonFunctions.m */,
				C0D456171BBB74D100DED0B0 /* RESideMenu.h */,
				C0D456181BBB74D100DED0B0 /* RESideMenu.m */,
				C0D456191BBB74D100DED0B0 /* UIViewController+RESideMenu.h */,
				C0D4561A1BBB74D100DED0B0 /* UIViewController+RESideMenu.m */,
			);
			name = RESideMenu;
			sourceTree = "<group>";
		};
/* End PBXGroup section */

/* Begin PBXNativeTarget section */
		C073EDE91BB207DD00DE44A7 /* Buyit */ = {
			isa = PBXNativeTarget;
			buildConfigurationList = C073EDFC1BB207DD00DE44A7 /* Build configuration list for PBXNativeTarget "Buyit" */;
			buildPhases = (
				EC9BFBB7FAEA7173EFC6556F /* Check Pods Manifest.lock */,
				C073EDE61BB207DD00DE44A7 /* Sources */,
				C073EDE71BB207DD00DE44A7 /* Frameworks */,
				C073EDE81BB207DD00DE44A7 /* Resources */,
				4A8A4CD5A8133DD29AD1CE75 /* Embed Pods Frameworks */,
				17CEB896C050672E5584814F /* Copy Pods Resources */,
			);
			buildRules = (
			);
			dependencies = (
			);
			name = Buyit;
			productName = Buyit;
			productReference = C073EDEA1BB207DD00DE44A7 /* Buyit.app */;
			productType = "com.apple.product-type.application";
		};
/* End PBXNativeTarget section */

/* Begin PBXProject section */
		C073EDE21BB207DD00DE44A7 /* Project object */ = {
			isa = PBXProject;
			attributes = {
				LastSwiftUpdateCheck = 0700;
				LastUpgradeCheck = 0700;
				ORGANIZATIONNAME = geleichen;
				TargetAttributes = {
					C073EDE91BB207DD00DE44A7 = {
						CreatedOnToolsVersion = 7.0;
					};
				};
			};
			buildConfigurationList = C073EDE51BB207DD00DE44A7 /* Build configuration list for PBXProject "Buyit" */;
			compatibilityVersion = "Xcode 3.2";
			developmentRegion = English;
			hasScannedForEncodings = 0;
			knownRegions = (
				en,
				Base,
			);
			mainGroup = C073EDE11BB207DD00DE44A7;
			productRefGroup = C073EDEB1BB207DD00DE44A7 /* Products */;
			projectDirPath = "";
			projectRoot = "";
			targets = (
				C073EDE91BB207DD00DE44A7 /* Buyit */,
			);
		};
/* End PBXProject section */

/* Begin PBXResourcesBuildPhase section */
		C073EDE81BB207DD00DE44A7 /* Resources */ = {
			isa = PBXResourcesBuildPhase;
			buildActionMask = 2147483647;
			files = (
				C073EDF81BB207DD00DE44A7 /* LaunchScreen.storyboard in Resources */,
				C073EDF51BB207DD00DE44A7 /* Assets.xcassets in Resources */,
				C073EDF31BB207DD00DE44A7 /* Main.storyboard in Resources */,
			);
			runOnlyForDeploymentPostprocessing = 0;
		};
/* End PBXResourcesBuildPhase section */

/* Begin PBXShellScriptBuildPhase section */
		17CEB896C050672E5584814F /* Copy Pods Resources */ = {
			isa = PBXShellScriptBuildPhase;
			buildActionMask = 2147483647;
			files = (
			);
			inputPaths = (
			);
			name = "Copy Pods Resources";
			outputPaths = (
			);
			runOnlyForDeploymentPostprocessing = 0;
			shellPath = /bin/sh;
			shellScript = "\"${SRCROOT}/Pods/Target Support Files/Pods/Pods-resources.sh\"\n";
			showEnvVarsInLog = 0;
		};
		4A8A4CD5A8133DD29AD1CE75 /* Embed Pods Frameworks */ = {
			isa = PBXShellScriptBuildPhase;
			buildActionMask = 2147483647;
			files = (
			);
			inputPaths = (
			);
			name = "Embed Pods Frameworks";
			outputPaths = (
			);
			runOnlyForDeploymentPostprocessing = 0;
			shellPath = /bin/sh;
			shellScript = "\"${SRCROOT}/Pods/Target Support Files/Pods/Pods-frameworks.sh\"\n";
			showEnvVarsInLog = 0;
		};
		EC9BFBB7FAEA7173EFC6556F /* Check Pods Manifest.lock */ = {
			isa = PBXShellScriptBuildPhase;
			buildActionMask = 2147483647;
			files = (
			);
			inputPaths = (
			);
			name = "Check Pods Manifest.lock";
			outputPaths = (
			);
			runOnlyForDeploymentPostprocessing = 0;
			shellPath = /bin/sh;
			shellScript = "diff \"${PODS_ROOT}/../Podfile.lock\" \"${PODS_ROOT}/Manifest.lock\" > /dev/null\nif [[ $? != 0 ]] ; then\n    cat << EOM\nerror: The sandbox is not in sync with the Podfile.lock. Run 'pod install' or update your CocoaPods installation.\nEOM\n    exit 1\nfi\n";
			showEnvVarsInLog = 0;
		};
/* End PBXShellScriptBuildPhase section */

/* Begin PBXSourcesBuildPhase section */
		C073EDE61BB207DD00DE44A7 /* Sources */ = {
			isa = PBXSourcesBuildPhase;
			buildActionMask = 2147483647;
			files = (
				C073EE111BB219B600DE44A7 /* Utility.swift in Sources */,
				C0D4561D1BBB74D100DED0B0 /* UIViewController+RESideMenu.m in Sources */,
				C0F52C541BF7843600CC277A /* MoneyAdditionViewController.swift in Sources */,
				C0AB53761BD09AAB00DC42A0 /* WelcomeViewController.swift in Sources */,
				C007E0831BF12D050053021F /* MenuViewController.swift in Sources */,
				C0D4561B1BBB74D100DED0B0 /* RECommonFunctions.m in Sources */,
				C0AB53801BD09D8400DC42A0 /* EFCircularTrig.m in Sources */,
				C0D456261BBB7BCE00DED0B0 /* LeftViewController.swift in Sources */,
				C073EDF01BB207DD00DE44A7 /* ViewController.swift in Sources */,
				C073EE041BB20B3500DE44A7 /* SEDraggable.m in Sources */,
				C073EE051BB20B3500DE44A7 /* SEDraggableLocation.m in Sources */,
				C0AB537F1BD09D8400DC42A0 /* EFCircularSlider.m in Sources */,
				C0D456221BBB78B000DED0B0 /* RootViewController.swift in Sources */,
				C073EDEE1BB207DD00DE44A7 /* AppDelegate.swift in Sources */,
				C0D4561C1BBB74D100DED0B0 /* RESideMenu.m in Sources */,
			);
			runOnlyForDeploymentPostprocessing = 0;
		};
/* End PBXSourcesBuildPhase section */

/* Begin PBXVariantGroup section */
		C073EDF11BB207DD00DE44A7 /* Main.storyboard */ = {
			isa = PBXVariantGroup;
			children = (
				C073EDF21BB207DD00DE44A7 /* Base */,
			);
			name = Main.storyboard;
			sourceTree = "<group>";
		};
		C073EDF61BB207DD00DE44A7 /* LaunchScreen.storyboard */ = {
			isa = PBXVariantGroup;
			children = (
				C073EDF71BB207DD00DE44A7 /* Base */,
			);
			name = LaunchScreen.storyboard;
			sourceTree = "<group>";
		};
/* End PBXVariantGroup section */

/* Begin XCBuildConfiguration section */
		C073EDFA1BB207DD00DE44A7 /* Debug */ = {
			isa = XCBuildConfiguration;
			buildSettings = {
				ALWAYS_SEARCH_USER_PATHS = NO;
				CLANG_CXX_LANGUAGE_STANDARD = "gnu++0x";
				CLANG_CXX_LIBRARY = "libc++";
				CLANG_ENABLE_MODULES = YES;
				CLANG_ENABLE_OBJC_ARC = YES;
				CLANG_WARN_BOOL_CONVERSION = YES;
				CLANG_WARN_CONSTANT_CONVERSION = YES;
				CLANG_WARN_DIRECT_OBJC_ISA_USAGE = YES_ERROR;
				CLANG_WARN_EMPTY_BODY = YES;
				CLANG_WARN_ENUM_CONVERSION = YES;
				CLANG_WARN_INT_CONVERSION = YES;
				CLANG_WARN_OBJC_ROOT_CLASS = YES_ERROR;
				CLANG_WARN_UNREACHABLE_CODE = YES;
				CLANG_WARN__DUPLICATE_METHOD_MATCH = YES;
				"CODE_SIGN_IDENTITY[sdk=iphoneos*]" = "iPhone Developer";
				COPY_PHASE_STRIP = NO;
				DEBUG_INFORMATION_FORMAT = dwarf;
				ENABLE_STRICT_OBJC_MSGSEND = YES;
				ENABLE_TESTABILITY = YES;
				GCC_C_LANGUAGE_STANDARD = gnu99;
				GCC_DYNAMIC_NO_PIC = NO;
				GCC_NO_COMMON_BLOCKS = YES;
				GCC_OPTIMIZATION_LEVEL = 0;
				GCC_PREPROCESSOR_DEFINITIONS = (
					"DEBUG=1",
					"$(inherited)",
				);
				GCC_WARN_64_TO_32_BIT_CONVERSION = YES;
				GCC_WARN_ABOUT_RETURN_TYPE = YES_ERROR;
				GCC_WARN_UNDECLARED_SELECTOR = YES;
				GCC_WARN_UNINITIALIZED_AUTOS = YES_AGGRESSIVE;
				GCC_WARN_UNUSED_FUNCTION = YES;
				GCC_WARN_UNUSED_VARIABLE = YES;
				IPHONEOS_DEPLOYMENT_TARGET = 9.0;
				MTL_ENABLE_DEBUG_INFO = YES;
				ONLY_ACTIVE_ARCH = YES;
				SDKROOT = iphoneos;
				SWIFT_OPTIMIZATION_LEVEL = "-Onone";
				TARGETED_DEVICE_FAMILY = 2;
			};
			name = Debug;
		};
		C073EDFB1BB207DD00DE44A7 /* Release */ = {
			isa = XCBuildConfiguration;
			buildSettings = {
				ALWAYS_SEARCH_USER_PATHS = NO;
				CLANG_CXX_LANGUAGE_STANDARD = "gnu++0x";
				CLANG_CXX_LIBRARY = "libc++";
				CLANG_ENABLE_MODULES = YES;
				CLANG_ENABLE_OBJC_ARC = YES;
				CLANG_WARN_BOOL_CONVERSION = YES;
				CLANG_WARN_CONSTANT_CONVERSION = YES;
				CLANG_WARN_DIRECT_OBJC_ISA_USAGE = YES_ERROR;
				CLANG_WARN_EMPTY_BODY = YES;
				CLANG_WARN_ENUM_CONVERSION = YES;
				CLANG_WARN_INT_CONVERSION = YES;
				CLANG_WARN_OBJC_ROOT_CLASS = YES_ERROR;
				CLANG_WARN_UNREACHABLE_CODE = YES;
				CLANG_WARN__DUPLICATE_METHOD_MATCH = YES;
				"CODE_SIGN_IDENTITY[sdk=iphoneos*]" = "iPhone Developer";
				COPY_PHASE_STRIP = NO;
				DEBUG_INFORMATION_FORMAT = "dwarf-with-dsym";
				ENABLE_NS_ASSERTIONS = NO;
				ENABLE_STRICT_OBJC_MSGSEND = YES;
				GCC_C_LANGUAGE_STANDARD = gnu99;
				GCC_NO_COMMON_BLOCKS = YES;
				GCC_WARN_64_TO_32_BIT_CONVERSION = YES;
				GCC_WARN_ABOUT_RETURN_TYPE = YES_ERROR;
				GCC_WARN_UNDECLARED_SELECTOR = YES;
				GCC_WARN_UNINITIALIZED_AUTOS = YES_AGGRESSIVE;
				GCC_WARN_UNUSED_FUNCTION = YES;
				GCC_WARN_UNUSED_VARIABLE = YES;
				IPHONEOS_DEPLOYMENT_TARGET = 9.0;
				MTL_ENABLE_DEBUG_INFO = NO;
				SDKROOT = iphoneos;
				TARGETED_DEVICE_FAMILY = 2;
				VALIDATE_PRODUCT = YES;
			};
			name = Release;
		};
		C073EDFD1BB207DD00DE44A7 /* Debug */ = {
			isa = XCBuildConfiguration;
			baseConfigurationReference = 4E750B328760D30294382717 /* Pods.debug.xcconfig */;
			buildSettings = {
				ASSETCATALOG_COMPILER_APPICON_NAME = AppIcon;
				CLANG_ENABLE_MODULES = YES;
				INFOPLIST_FILE = Buyit/Info.plist;
				IPHONEOS_DEPLOYMENT_TARGET = 8.0;
				LD_RUNPATH_SEARCH_PATHS = "$(inherited) @executable_path/Frameworks";
				PRODUCT_BUNDLE_IDENTIFIER = com.geleichen.Buyit;
				PRODUCT_NAME = "$(TARGET_NAME)";
				SWIFT_OBJC_BRIDGING_HEADER = "Buyit/Buyit-Bridging-Header.h";
				SWIFT_OPTIMIZATION_LEVEL = "-Onone";
			};
			name = Debug;
		};
		C073EDFE1BB207DD00DE44A7 /* Release */ = {
			isa = XCBuildConfiguration;
			baseConfigurationReference = 0F42422FD41045656796EF0A /* Pods.release.xcconfig */;
			buildSettings = {
				ASSETCATALOG_COMPILER_APPICON_NAME = AppIcon;
				CLANG_ENABLE_MODULES = YES;
				INFOPLIST_FILE = Buyit/Info.plist;
				IPHONEOS_DEPLOYMENT_TARGET = 8.0;
				LD_RUNPATH_SEARCH_PATHS = "$(inherited) @executable_path/Frameworks";
				PRODUCT_BUNDLE_IDENTIFIER = com.geleichen.Buyit;
				PRODUCT_NAME = "$(TARGET_NAME)";
				SWIFT_OBJC_BRIDGING_HEADER = "Buyit/Buyit-Bridging-Header.h";
			};
			name = Release;
		};
/* End XCBuildConfiguration section */

/* Begin XCConfigurationList section */
		C073EDE51BB207DD00DE44A7 /* Build configuration list for PBXProject "Buyit" */ = {
			isa = XCConfigurationList;
			buildConfigurations = (
				C073EDFA1BB207DD00DE44A7 /* Debug */,
				C073EDFB1BB207DD00DE44A7 /* Release */,
			);
			defaultConfigurationIsVisible = 0;
			defaultConfigurationName = Release;
		};
		C073EDFC1BB207DD00DE44A7 /* Build configuration list for PBXNativeTarget "Buyit" */ = {
			isa = XCConfigurationList;
			buildConfigurations = (
				C073EDFD1BB207DD00DE44A7 /* Debug */,
				C073EDFE1BB207DD00DE44A7 /* Release */,
			);
			defaultConfigurationIsVisible = 0;
			defaultConfigurationName = Release;
		};
/* End XCConfigurationList section */
	};
	rootObject = C073EDE21BB207DD00DE44A7 /* Project object */;
}
